// !$*UTF8*$!
{
	archiveVersion = 1;
	classes = {
	};
	objectVersion = 50;
	objects = {

/* Begin PBXBuildFile section */
		91ED0C742614E4E900C70239 /* AppDelegate.swift in Sources */ = {isa = PBXBuildFile; fileRef = 91ED0C732614E4E900C70239 /* AppDelegate.swift */; };
		91ED0C762614E4E900C70239 /* SceneDelegate.swift in Sources */ = {isa = PBXBuildFile; fileRef = 91ED0C752614E4E900C70239 /* SceneDelegate.swift */; };
		91ED0C782614E4E900C70239 /* ViewController.swift in Sources */ = {isa = PBXBuildFile; fileRef = 91ED0C772614E4E900C70239 /* ViewController.swift */; };
		91ED0C7B2614E4E900C70239 /* Main.storyboard in Resources */ = {isa = PBXBuildFile; fileRef = 91ED0C792614E4E900C70239 /* Main.storyboard */; };
		91ED0C7D2614E4E900C70239 /* Assets.xcassets in Resources */ = {isa = PBXBuildFile; fileRef = 91ED0C7C2614E4E900C70239 /* Assets.xcassets */; };
		91ED0C802614E4E900C70239 /* LaunchScreen.storyboard in Resources */ = {isa = PBXBuildFile; fileRef = 91ED0C7E2614E4E900C70239 /* LaunchScreen.storyboard */; };
/* End PBXBuildFile section */

/* Begin PBXFileReference section */
		91ED0C702614E4E900C70239 /* JPScrollPager.app */ = {isa = PBXFileReference; explicitFileType = wrapper.application; includeInIndex = 0; path = JPScrollPager.app; sourceTree = BUILT_PRODUCTS_DIR; };
		91ED0C732614E4E900C70239 /* AppDelegate.swift */ = {isa = PBXFileReference; lastKnownFileType = sourcecode.swift; path = AppDelegate.swift; sourceTree = "<group>"; };
		91ED0C752614E4E900C70239 /* SceneDelegate.swift */ = {isa = PBXFileReference; lastKnownFileType = sourcecode.swift; path = SceneDelegate.swift; sourceTree = "<group>"; };
		91ED0C772614E4E900C70239 /* ViewController.swift */ = {isa = PBXFileReference; lastKnownFileType = sourcecode.swift; path = ViewController.swift; sourceTree = "<group>"; };
		91ED0C7A2614E4E900C70239 /* Base */ = {isa = PBXFileReference; lastKnownFileType = file.storyboard; name = Base; path = Base.lproj/Main.storyboard; sourceTree = "<group>"; };
		91ED0C7C2614E4E900C70239 /* Assets.xcassets */ = {isa = PBXFileReference; lastKnownFileType = folder.assetcatalog; path = Assets.xcassets; sourceTree = "<group>"; };
		91ED0C7F2614E4E900C70239 /* Base */ = {isa = PBXFileReference; lastKnownFileType = file.storyboard; name = Base; path = Base.lproj/LaunchScreen.storyboard; sourceTree = "<group>"; };
		91ED0C812614E4E900C70239 /* Info.plist */ = {isa = PBXFileReference; lastKnownFileType = text.plist.xml; path = Info.plist; sourceTree = "<group>"; };
/* End PBXFileReference section */

/* Begin PBXFrameworksBuildPhase section */
		91ED0C6D2614E4E900C70239 /* Frameworks */ = {
			isa = PBXFrameworksBuildPhase;
			buildActionMask = 2147483647;
			files = (
			);
			runOnlyForDeploymentPostprocessing = 0;
		};
/* End PBXFrameworksBuildPhase section */

/* Begin PBXGroup section */
		91ED0C672614E4E800C70239 = {
			isa = PBXGroup;
			children = (
				91ED0C722614E4E900C70239 /* JPScrollPager */,
				91ED0C712614E4E900C70239 /* Products */,
			);
			sourceTree = "<group>";
		};
		91ED0C712614E4E900C70239 /* Products */ = {
			isa = PBXGroup;
			children = (
				91ED0C702614E4E900C70239 /* JPScrollPager.app */,
			);
			name = Products;
			sourceTree = "<group>";
		};
		91ED0C722614E4E900C70239 /* JPScrollPager */ = {
			isa = PBXGroup;
			children = (
				91ED0C732614E4E900C70239 /* AppDelegate.swift */,
				91ED0C752614E4E900C70239 /* SceneDelegate.swift */,
				91ED0C772614E4E900C70239 /* ViewController.swift */,
				91ED0C792614E4E900C70239 /* Main.storyboard */,
				91ED0C7C2614E4E900C70239 /* Assets.xcassets */,
				91ED0C7E2614E4E900C70239 /* LaunchScreen.storyboard */,
				91ED0C812614E4E900C70239 /* Info.plist */,
			);
			path = JPScrollPager;
			sourceTree = "<group>";
		};
/* End PBXGroup section */

/* Begin PBXNativeTarget section */
		91ED0C6F2614E4E900C70239 /* JPScrollPager */ = {
			isa = PBXNativeTarget;
			buildConfigurationList = 91ED0C842614E4E900C70239 /* Build configuration list for PBXNativeTarget "JPScrollPager" */;
			buildPhases = (
				91ED0C6C2614E4E900C70239 /* Sources */,
				91ED0C6D2614E4E900C70239 /* Frameworks */,
				91ED0C6E2614E4E900C70239 /* Resources */,
			);
			buildRules = (
			);
			dependencies = (
			);
			name = JPScrollPager;
			productName = JPScrollPager;
			productReference = 91ED0C702614E4E900C70239 /* JPScrollPager.app */;
			productType = "com.apple.product-type.application";
		};
/* End PBXNativeTarget section */

/* Begin PBXProject section */
		91ED0C682614E4E800C70239 /* Project object */ = {
			isa = PBXProject;
			attributes = {
				LastSwiftUpdateCheck = 1150;
				LastUpgradeCheck = 1150;
				ORGANIZATIONNAME = "Jay Patel";
				TargetAttributes = {
					91ED0C6F2614E4E900C70239 = {
						CreatedOnToolsVersion = 11.5;
					};
				};
			};
			buildConfigurationList = 91ED0C6B2614E4E800C70239 /* Build configuration list for PBXProject "JPScrollPager" */;
			compatibilityVersion = "Xcode 9.3";
			developmentRegion = en;
			hasScannedForEncodings = 0;
			knownRegions = (
				en,
				Base,
			);
			mainGroup = 91ED0C672614E4E800C70239;
			productRefGroup = 91ED0C712614E4E900C70239 /* Products */;
			projectDirPath = "";
			projectRoot = "";
			targets = (
				91ED0C6F2614E4E900C70239 /* JPScrollPager */,
			);
		};
/* End PBXProject section */

/* Begin PBXResourcesBuildPhase section */
		91ED0C6E2614E4E900C70239 /* Resources */ = {
			isa = PBXResourcesBuildPhase;
			buildActionMask = 2147483647;
			files = (
				91ED0C802614E4E900C70239 /* LaunchScreen.storyboard in Resources */,
				91ED0C7D2614E4E900C70239 /* Assets.xcassets in Resources */,
				91ED0C7B2614E4E900C70239 /* Main.storyboard in Resources */,
			);
			runOnlyForDeploymentPostprocessing = 0;
		};
/* End PBXResourcesBuildPhase section */

/* Begin PBXSourcesBuildPhase section */
		91ED0C6C2614E4E900C70239 /* Sources */ = {
			isa = PBXSourcesBuildPhase;
			buildActionMask = 2147483647;
			files = (
				91ED0C782614E4E900C70239 /* ViewController.swift in Sources */,
				91ED0C742614E4E900C70239 /* AppDelegate.swift in Sources */,
				91ED0C762614E4E900C70239 /* SceneDelegate.swift in Sources */,
			);
			runOnlyForDeploymentPostprocessing = 0;
		};
/* End PBXSourcesBuildPhase section */

/* Begin PBXVariantGroup section */
		91ED0C792614E4E900C70239 /* Main.storyboard */ = {
			isa = PBXVariantGroup;
			children = (
				91ED0C7A2614E4E900C70239 /* Base */,
			);
			name = Main.storyboard;
			sourceTree = "<group>";
		};
		91ED0C7E2614E4E900C70239 /* LaunchScreen.storyboard */ = {
			isa = PBXVariantGroup;
			children = (
				91ED0C7F2614E4E900C70239 /* Base */,
			);
			name = LaunchScreen.storyboard;
			sourceTree = "<group>";
		};
/* End PBXVariantGroup section */

/* Begin XCBuildConfiguration section */
		91ED0C822614E4E900C70239 /* Debug */ = {
			isa = XCBuildConfiguration;
			buildSettings = {
				ALWAYS_SEARCH_USER_PATHS = NO;
				CLANG_ANALYZER_NONNULL = YES;
				CLANG_ANALYZER_NUMBER_OBJECT_CONVERSION = YES_AGGRESSIVE;
				CLANG_CXX_LANGUAGE_STANDARD = "gnu++14";
				CLANG_CXX_LIBRARY = "libc++";
				CLANG_ENABLE_MODULES = YES;
				CLANG_ENABLE_OBJC_ARC = YES;
				CLANG_ENABLE_OBJC_WEAK = YES;
				CLANG_WARN_BLOCK_CAPTURE_AUTORELEASING = YES;
				CLANG_WARN_BOOL_CONVERSION = YES;
				CLANG_WARN_COMMA = YES;
				CLANG_WARN_CONSTANT_CONVERSION = YES;
				CLANG_WARN_DEPRECATED_OBJC_IMPLEMENTATIONS = YES;
				CLANG_WARN_DIRECT_OBJC_ISA_USAGE = YES_ERROR;
				CLANG_WARN_DOCUMENTATION_COMMENTS = YES;
				CLANG_WARN_EMPTY_BODY = YES;
				CLANG_WARN_ENUM_CONVERSION = YES;
				CLANG_WARN_INFINITE_RECURSION = YES;
				CLANG_WARN_INT_CONVERSION = YES;
				CLANG_WARN_NON_LITERAL_NULL_CONVERSION = YES;
				CLANG_WARN_OBJC_IMPLICIT_RETAIN_SELF = YES;
				CLANG_WARN_OBJC_LITERAL_CONVERSION = YES;
				CLANG_WARN_OBJC_ROOT_CLASS = YES_ERROR;
				CLANG_WARN_RANGE_LOOP_ANALYSIS = YES;
				CLANG_WARN_STRICT_PROTOTYPES = YES;
				CLANG_WARN_SUSPICIOUS_MOVE = YES;
				CLANG_WARN_UNGUARDED_AVAILABILITY = YES_AGGRESSIVE;
				CLANG_WARN_UNREACHABLE_CODE = YES;
				CLANG_WARN__DUPLICATE_METHOD_MATCH = YES;
				COPY_PHASE_STRIP = NO;
				DEBUG_INFORMATION_FORMAT = dwarf;
				ENABLE_STRICT_OBJC_MSGSEND = YES;
				ENABLE_TESTABILITY = YES;
				GCC_C_LANGUAGE_STANDARD = gnu11;
				GCC_DYNAMIC_NO_PIC = NO;
				GCC_NO_COMMON_BLOCKS = YES;
				GCC_OPTIMIZATION_LEVEL = 0;
				GCC_PREPROCESSOR_DEFINITIONS = (
					"DEBUG=1",
					"$(inherited)",
				);
				GCC_WARN_64_TO_32_BIT_CONVERSION = YES;
				GCC_WARN_ABOUT_RETURN_TYPE = YES_ERROR;
				GCC_WARN_UNDECLARED_SELECTOR = YES;
				GCC_WARN_UNINITIALIZED_AUTOS = YES_AGGRESSIVE;
				GCC_WARN_UNUSED_FUNCTION = YES;
				GCC_WARN_UNUSED_VARIABLE = YES;
				IPHONEOS_DEPLOYMENT_TARGET = 13.5;
				MTL_ENABLE_DEBUG_INFO = INCLUDE_SOURCE;
				MTL_FAST_MATH = YES;
				ONLY_ACTIVE_ARCH = YES;
				SDKROOT = iphoneos;
				SWIFT_ACTIVE_COMPILATION_CONDITIONS = DEBUG;
				SWIFT_OPTIMIZATION_LEVEL = "-Onone";
			};
			name = Debug;
		};
		91ED0C832614E4E900C70239 /* Release */ = {
			isa = XCBuildConfiguration;
			buildSettings = {
				ALWAYS_SEARCH_USER_PATHS = NO;
				CLANG_ANALYZER_NONNULL = YES;
				CLANG_ANALYZER_NUMBER_OBJECT_CONVERSION = YES_AGGRESSIVE;
				CLANG_CXX_LANGUAGE_STANDARD = "gnu++14";
				CLANG_CXX_LIBRARY = "libc++";
				CLANG_ENABLE_MODULES = YES;
				CLANG_ENABLE_OBJC_ARC = YES;
				CLANG_ENABLE_OBJC_WEAK = YES;
				CLANG_WARN_BLOCK_CAPTURE_AUTORELEASING = YES;
				CLANG_WARN_BOOL_CONVERSION = YES;
				CLANG_WARN_COMMA = YES;
				CLANG_WARN_CONSTANT_CONVERSION = YES;
				CLANG_WARN_DEPRECATED_OBJC_IMPLEMENTATIONS = YES;
				CLANG_WARN_DIRECT_OBJC_ISA_USAGE = YES_ERROR;
				CLANG_WARN_DOCUMENTATION_COMMENTS = YES;
				CLANG_WARN_EMPTY_BODY = YES;
				CLANG_WARN_ENUM_CONVERSION = YES;
				CLANG_WARN_INFINITE_RECURSION = YES;
				CLANG_WARN_INT_CONVERSION = YES;
				CLANG_WARN_NON_LITERAL_NULL_CONVERSION = YES;
				CLANG_WARN_OBJC_IMPLICIT_RETAIN_SELF = YES;
				CLANG_WARN_OBJC_LITERAL_CONVERSION = YES;
				CLANG_WARN_OBJC_ROOT_CLASS = YES_ERROR;
				CLANG_WARN_RANGE_LOOP_ANALYSIS = YES;
				CLANG_WARN_STRICT_PROTOTYPES = YES;
				CLANG_WARN_SUSPICIOUS_MOVE = YES;
				CLANG_WARN_UNGUARDED_AVAILABILITY = YES_AGGRESSIVE;
				CLANG_WARN_UNREACHABLE_CODE = YES;
				CLANG_WARN__DUPLICATE_METHOD_MATCH = YES;
				COPY_PHASE_STRIP = NO;
				DEBUG_INFORMATION_FORMAT = "dwarf-with-dsym";
				ENABLE_NS_ASSERTIONS = NO;
				ENABLE_STRICT_OBJC_MSGSEND = YES;
				GCC_C_LANGUAGE_STANDARD = gnu11;
				GCC_NO_COMMON_BLOCKS = YES;
				GCC_WARN_64_TO_32_BIT_CONVERSION = YES;
				GCC_WARN_ABOUT_RETURN_TYPE = YES_ERROR;
				GCC_WARN_UNDECLARED_SELECTOR = YES;
				GCC_WARN_UNINITIALIZED_AUTOS = YES_AGGRESSIVE;
				GCC_WARN_UNUSED_FUNCTION = YES;
				GCC_WARN_UNUSED_VARIABLE = YES;
				IPHONEOS_DEPLOYMENT_TARGET = 13.5;
				MTL_ENABLE_DEBUG_INFO = NO;
				MTL_FAST_MATH = YES;
				SDKROOT = iphoneos;
				SWIFT_COMPILATION_MODE = wholemodule;
				SWIFT_OPTIMIZATION_LEVEL = "-O";
				VALIDATE_PRODUCT = YES;
			};
			name = Release;
		};
		91ED0C852614E4E900C70239 /* Debug */ = {
			isa = XCBuildConfiguration;
			buildSettings = {
				ASSETCATALOG_COMPILER_APPICON_NAME = AppIcon;
				CODE_SIGN_STYLE = Automatic;
				INFOPLIST_FILE = JPScrollPager/Info.plist;
				LD_RUNPATH_SEARCH_PATHS = (
					"$(inherited)",
					"@executable_path/Frameworks",
				);
				PRODUCT_BUNDLE_IDENTIFIER = com.app.JPScrollPager;
				PRODUCT_NAME = "$(TARGET_NAME)";
				SWIFT_VERSION = 5.0;
				TARGETED_DEVICE_FAMILY = 1;
			};
			name = Debug;
		};
		91ED0C862614E4E900C70239 /* Release */ = {
			isa = XCBuildConfiguration;
			buildSettings = {
				ASSETCATALOG_COMPILER_APPICON_NAME = AppIcon;
				CODE_SIGN_STYLE = Automatic;
				INFOPLIST_FILE = JPScrollPager/Info.plist;
				LD_RUNPATH_SEARCH_PATHS = (
					"$(inherited)",
					"@executable_path/Frameworks",
				);
				PRODUCT_BUNDLE_IDENTIFIER = com.app.JPScrollPager;
				PRODUCT_NAME = "$(TARGET_NAME)";
				SWIFT_VERSION = 5.0;
				TARGETED_DEVICE_FAMILY = 1;
			};
			name = Release;
		};
/* End XCBuildConfiguration section */

/* Begin XCConfigurationList section */
		91ED0C6B2614E4E800C70239 /* Build configuration list for PBXProject "JPScrollPager" */ = {
			isa = XCConfigurationList;
			buildConfigurations = (
				91ED0C822614E4E900C70239 /* Debug */,
				91ED0C832614E4E900C70239 /* Release */,
			);
			defaultConfigurationIsVisible = 0;
			defaultConfigurationName = Release;
		};
		91ED0C842614E4E900C70239 /* Build configuration list for PBXNativeTarget "JPScrollPager" */ = {
			isa = XCConfigurationList;
			buildConfigurations = (
				91ED0C852614E4E900C70239 /* Debug */,
				91ED0C862614E4E900C70239 /* Release */,
			);
			defaultConfigurationIsVisible = 0;
			defaultConfigurationName = Release;
		};
/* End XCConfigurationList section */
	};
	rootObject = 91ED0C682614E4E800C70239 /* Project object */;
}
